// !$*UTF8*$!
{
	archiveVersion = 1;
	classes = {
	};
	objectVersion = 46;
	objects = {

/* Begin PBXBuildFile section */
		CC7137E61DB2766800C17478 /* AppDelegate.swift in Sources */ = {isa = PBXBuildFile; fileRef = CC7137E51DB2766800C17478 /* AppDelegate.swift */; };
		CC7137E81DB2766800C17478 /* ViewController.swift in Sources */ = {isa = PBXBuildFile; fileRef = CC7137E71DB2766800C17478 /* ViewController.swift */; };
		CC7137EB1DB2766800C17478 /* Main.storyboard in Resources */ = {isa = PBXBuildFile; fileRef = CC7137E91DB2766800C17478 /* Main.storyboard */; };
		CC7137ED1DB2766800C17478 /* Assets.xcassets in Resources */ = {isa = PBXBuildFile; fileRef = CC7137EC1DB2766800C17478 /* Assets.xcassets */; };
		CC7137F01DB2766800C17478 /* LaunchScreen.storyboard in Resources */ = {isa = PBXBuildFile; fileRef = CC7137EE1DB2766800C17478 /* LaunchScreen.storyboard */; };
		CC7137F81DB27E1400C17478 /* Configuration.swift in Sources */ = {isa = PBXBuildFile; fileRef = CC7137F71DB27E1300C17478 /* Configuration.swift */; };
		CC7137FA1DB27E6200C17478 /* ConfigurationManager.swift in Sources */ = {isa = PBXBuildFile; fileRef = CC7137F91DB27E6200C17478 /* ConfigurationManager.swift */; };
/* End PBXBuildFile section */

/* Begin PBXFileReference section */
		CC7137E21DB2766800C17478 /* KVO.app */ = {isa = PBXFileReference; explicitFileType = wrapper.application; includeInIndex = 0; path = KVO.app; sourceTree = BUILT_PRODUCTS_DIR; };
		CC7137E51DB2766800C17478 /* AppDelegate.swift */ = {isa = PBXFileReference; lastKnownFileType = sourcecode.swift; path = AppDelegate.swift; sourceTree = "<group>"; };
		CC7137E71DB2766800C17478 /* ViewController.swift */ = {isa = PBXFileReference; lastKnownFileType = sourcecode.swift; path = ViewController.swift; sourceTree = "<group>"; };
		CC7137EA1DB2766800C17478 /* Base */ = {isa = PBXFileReference; lastKnownFileType = file.storyboard; name = Base; path = Base.lproj/Main.storyboard; sourceTree = "<group>"; };
		CC7137EC1DB2766800C17478 /* Assets.xcassets */ = {isa = PBXFileReference; lastKnownFileType = folder.assetcatalog; path = Assets.xcassets; sourceTree = "<group>"; };
		CC7137EF1DB2766800C17478 /* Base */ = {isa = PBXFileReference; lastKnownFileType = file.storyboard; name = Base; path = Base.lproj/LaunchScreen.storyboard; sourceTree = "<group>"; };
		CC7137F11DB2766800C17478 /* Info.plist */ = {isa = PBXFileReference; lastKnownFileType = text.plist.xml; path = Info.plist; sourceTree = "<group>"; };
		CC7137F71DB27E1300C17478 /* Configuration.swift */ = {isa = PBXFileReference; fileEncoding = 4; lastKnownFileType = sourcecode.swift; path = Configuration.swift; sourceTree = "<group>"; };
		CC7137F91DB27E6200C17478 /* ConfigurationManager.swift */ = {isa = PBXFileReference; fileEncoding = 4; lastKnownFileType = sourcecode.swift; path = ConfigurationManager.swift; sourceTree = "<group>"; };
/* End PBXFileReference section */

/* Begin PBXFrameworksBuildPhase section */
		CC7137DF1DB2766700C17478 /* Frameworks */ = {
			isa = PBXFrameworksBuildPhase;
			buildActionMask = 2147483647;
			files = (
			);
			runOnlyForDeploymentPostprocessing = 0;
		};
/* End PBXFrameworksBuildPhase section */

/* Begin PBXGroup section */
		CC7137D91DB2766700C17478 = {
			isa = PBXGroup;
			children = (
				CC7137E41DB2766800C17478 /* KVO */,
				CC7137E31DB2766800C17478 /* Products */,
			);
			sourceTree = "<group>";
		};
		CC7137E31DB2766800C17478 /* Products */ = {
			isa = PBXGroup;
			children = (
				CC7137E21DB2766800C17478 /* KVO.app */,
			);
			name = Products;
			sourceTree = "<group>";
		};
		CC7137E41DB2766800C17478 /* KVO */ = {
			isa = PBXGroup;
			children = (
				CC7137E51DB2766800C17478 /* AppDelegate.swift */,
				CC7137E71DB2766800C17478 /* ViewController.swift */,
				CC7137F71DB27E1300C17478 /* Configuration.swift */,
				CC7137F91DB27E6200C17478 /* ConfigurationManager.swift */,
				CC7137E91DB2766800C17478 /* Main.storyboard */,
				CC7137EC1DB2766800C17478 /* Assets.xcassets */,
				CC7137EE1DB2766800C17478 /* LaunchScreen.storyboard */,
				CC7137F11DB2766800C17478 /* Info.plist */,
			);
			path = KVO;
			sourceTree = "<group>";
		};
/* End PBXGroup section */

/* Begin PBXNativeTarget section */
		CC7137E11DB2766700C17478 /* KVO */ = {
			isa = PBXNativeTarget;
			buildConfigurationList = CC7137F41DB2766800C17478 /* Build configuration list for PBXNativeTarget "KVO" */;
			buildPhases = (
				CC7137DE1DB2766700C17478 /* Sources */,
				CC7137DF1DB2766700C17478 /* Frameworks */,
				CC7137E01DB2766700C17478 /* Resources */,
			);
			buildRules = (
			);
			dependencies = (
			);
			name = KVO;
			productName = KVO;
			productReference = CC7137E21DB2766800C17478 /* KVO.app */;
			productType = "com.apple.product-type.application";
		};
/* End PBXNativeTarget section */

/* Begin PBXProject section */
		CC7137DA1DB2766700C17478 /* Project object */ = {
			isa = PBXProject;
			attributes = {
				LastSwiftUpdateCheck = 0800;
				LastUpgradeCheck = 0800;
				ORGANIZATIONNAME = Cocoacasts;
				TargetAttributes = {
					CC7137E11DB2766700C17478 = {
						CreatedOnToolsVersion = 8.0;
						DevelopmentTeam = 2493UGBPKJ;
						ProvisioningStyle = Automatic;
					};
				};
			};
			buildConfigurationList = CC7137DD1DB2766700C17478 /* Build configuration list for PBXProject "KVO" */;
			compatibilityVersion = "Xcode 3.2";
			developmentRegion = English;
			hasScannedForEncodings = 0;
			knownRegions = (
				en,
				Base,
			);
			mainGroup = CC7137D91DB2766700C17478;
			productRefGroup = CC7137E31DB2766800C17478 /* Products */;
			projectDirPath = "";
			projectRoot = "";
			targets = (
				CC7137E11DB2766700C17478 /* KVO */,
			);
		};
/* End PBXProject section */

/* Begin PBXResourcesBuildPhase section */
		CC7137E01DB2766700C17478 /* Resources */ = {
			isa = PBXResourcesBuildPhase;
			buildActionMask = 2147483647;
			files = (
				CC7137F01DB2766800C17478 /* LaunchScreen.storyboard in Resources */,
				CC7137ED1DB2766800C17478 /* Assets.xcassets in Resources */,
				CC7137EB1DB2766800C17478 /* Main.storyboard in Resources */,
			);
			runOnlyForDeploymentPostprocessing = 0;
		};
/* End PBXResourcesBuildPhase section */

/* Begin PBXSourcesBuildPhase section */
		CC7137DE1DB2766700C17478 /* Sources */ = {
			isa = PBXSourcesBuildPhase;
			buildActionMask = 2147483647;
			files = (
				CC7137FA1DB27E6200C17478 /* ConfigurationManager.swift in Sources */,
				CC7137F81DB27E1400C17478 /* Configuration.swift in Sources */,
				CC7137E81DB2766800C17478 /* ViewController.swift in Sources */,
				CC7137E61DB2766800C17478 /* AppDelegate.swift in Sources */,
			);
			runOnlyForDeploymentPostprocessing = 0;
		};
/* End PBXSourcesBuildPhase section */

/* Begin PBXVariantGroup section */
		CC7137E91DB2766800C17478 /* Main.storyboard */ = {
			isa = PBXVariantGroup;
			children = (
				CC7137EA1DB2766800C17478 /* Base */,
			);
			name = Main.storyboard;
			sourceTree = "<group>";
		};
		CC7137EE1DB2766800C17478 /* LaunchScreen.storyboard */ = {
			isa = PBXVariantGroup;
			children = (
				CC7137EF1DB2766800C17478 /* Base */,
			);
			name = LaunchScreen.storyboard;
			sourceTree = "<group>";
		};
/* End PBXVariantGroup section */

/* Begin XCBuildConfiguration section */
		CC7137F21DB2766800C17478 /* Debug */ = {
			isa = XCBuildConfiguration;
			buildSettings = {
				ALWAYS_SEARCH_USER_PATHS = NO;
				CLANG_ANALYZER_NONNULL = YES;
				CLANG_CXX_LANGUAGE_STANDARD = "gnu++0x";
				CLANG_CXX_LIBRARY = "libc++";
				CLANG_ENABLE_MODULES = YES;
				CLANG_ENABLE_OBJC_ARC = YES;
				CLANG_WARN_BOOL_CONVERSION = YES;
				CLANG_WARN_CONSTANT_CONVERSION = YES;
				CLANG_WARN_DIRECT_OBJC_ISA_USAGE = YES_ERROR;
				CLANG_WARN_DOCUMENTATION_COMMENTS = YES;
				CLANG_WARN_EMPTY_BODY = YES;
				CLANG_WARN_ENUM_CONVERSION = YES;
				CLANG_WARN_INFINITE_RECURSION = YES;
				CLANG_WARN_INT_CONVERSION = YES;
				CLANG_WARN_OBJC_ROOT_CLASS = YES_ERROR;
				CLANG_WARN_SUSPICIOUS_MOVES = YES;
				CLANG_WARN_UNREACHABLE_CODE = YES;
				CLANG_WARN__DUPLICATE_METHOD_MATCH = YES;
				"CODE_SIGN_IDENTITY[sdk=iphoneos*]" = "iPhone Developer";
				COPY_PHASE_STRIP = NO;
				DEBUG_INFORMATION_FORMAT = dwarf;
				ENABLE_STRICT_OBJC_MSGSEND = YES;
				ENABLE_TESTABILITY = YES;
				GCC_C_LANGUAGE_STANDARD = gnu99;
				GCC_DYNAMIC_NO_PIC = NO;
				GCC_NO_COMMON_BLOCKS = YES;
				GCC_OPTIMIZATION_LEVEL = 0;
				GCC_PREPROCESSOR_DEFINITIONS = (
					"DEBUG=1",
					"$(inherited)",
				);
				GCC_WARN_64_TO_32_BIT_CONVERSION = YES;
				GCC_WARN_ABOUT_RETURN_TYPE = YES_ERROR;
				GCC_WARN_UNDECLARED_SELECTOR = YES;
				GCC_WARN_UNINITIALIZED_AUTOS = YES_AGGRESSIVE;
				GCC_WARN_UNUSED_FUNCTION = YES;
				GCC_WARN_UNUSED_VARIABLE = YES;
				IPHONEOS_DEPLOYMENT_TARGET = 10.0;
				MTL_ENABLE_DEBUG_INFO = YES;
				ONLY_ACTIVE_ARCH = YES;
				SDKROOT = iphoneos;
				SWIFT_ACTIVE_COMPILATION_CONDITIONS = DEBUG;
				SWIFT_OPTIMIZATION_LEVEL = "-Onone";
			};
			name = Debug;
		};
		CC7137F31DB2766800C17478 /* Release */ = {
			isa = XCBuildConfiguration;
			buildSettings = {
				ALWAYS_SEARCH_USER_PATHS = NO;
				CLANG_ANALYZER_NONNULL = YES;
				CLANG_CXX_LANGUAGE_STANDARD = "gnu++0x";
				CLANG_CXX_LIBRARY = "libc++";
				CLANG_ENABLE_MODULES = YES;
				CLANG_ENABLE_OBJC_ARC = YES;
				CLANG_WARN_BOOL_CONVERSION = YES;
				CLANG_WARN_CONSTANT_CONVERSION = YES;
				CLANG_WARN_DIRECT_OBJC_ISA_USAGE = YES_ERROR;
				CLANG_WARN_DOCUMENTATION_COMMENTS = YES;
				CLANG_WARN_EMPTY_BODY = YES;
				CLANG_WARN_ENUM_CONVERSION = YES;
				CLANG_WARN_INFINITE_RECURSION = YES;
				CLANG_WARN_INT_CONVERSION = YES;
				CLANG_WARN_OBJC_ROOT_CLASS = YES_ERROR;
				CLANG_WARN_SUSPICIOUS_MOVES = YES;
				CLANG_WARN_UNREACHABLE_CODE = YES;
				CLANG_WARN__DUPLICATE_METHOD_MATCH = YES;
				"CODE_SIGN_IDENTITY[sdk=iphoneos*]" = "iPhone Developer";
				COPY_PHASE_STRIP = NO;
				DEBUG_INFORMATION_FORMAT = "dwarf-with-dsym";
				ENABLE_NS_ASSERTIONS = NO;
				ENABLE_STRICT_OBJC_MSGSEND = YES;
				GCC_C_LANGUAGE_STANDARD = gnu99;
				GCC_NO_COMMON_BLOCKS = YES;
				GCC_WARN_64_TO_32_BIT_CONVERSION = YES;
				GCC_WARN_ABOUT_RETURN_TYPE = YES_ERROR;
				GCC_WARN_UNDECLARED_SELECTOR = YES;
				GCC_WARN_UNINITIALIZED_AUTOS = YES_AGGRESSIVE;
				GCC_WARN_UNUSED_FUNCTION = YES;
				GCC_WARN_UNUSED_VARIABLE = YES;
				IPHONEOS_DEPLOYMENT_TARGET = 10.0;
				MTL_ENABLE_DEBUG_INFO = NO;
				SDKROOT = iphoneos;
				SWIFT_OPTIMIZATION_LEVEL = "-Owholemodule";
				VALIDATE_PRODUCT = YES;
			};
			name = Release;
		};
		CC7137F51DB2766800C17478 /* Debug */ = {
			isa = XCBuildConfiguration;
			buildSettings = {
				ASSETCATALOG_COMPILER_APPICON_NAME = AppIcon;
				DEVELOPMENT_TEAM = 2493UGBPKJ;
				INFOPLIST_FILE = KVO/Info.plist;
				LD_RUNPATH_SEARCH_PATHS = "$(inherited) @executable_path/Frameworks";
				PRODUCT_BUNDLE_IDENTIFIER = com.cocoacasts.KVO;
				PRODUCT_NAME = "$(TARGET_NAME)";
				SWIFT_VERSION = 3.0;
			};
			name = Debug;
		};
		CC7137F61DB2766800C17478 /* Release */ = {
			isa = XCBuildConfiguration;
			buildSettings = {
				ASSETCATALOG_COMPILER_APPICON_NAME = AppIcon;
				DEVELOPMENT_TEAM = 2493UGBPKJ;
				INFOPLIST_FILE = KVO/Info.plist;
				LD_RUNPATH_SEARCH_PATHS = "$(inherited) @executable_path/Frameworks";
				PRODUCT_BUNDLE_IDENTIFIER = com.cocoacasts.KVO;
				PRODUCT_NAME = "$(TARGET_NAME)";
				SWIFT_VERSION = 3.0;
			};
			name = Release;
		};
/* End XCBuildConfiguration section */

/* Begin XCConfigurationList section */
		CC7137DD1DB2766700C17478 /* Build configuration list for PBXProject "KVO" */ = {
			isa = XCConfigurationList;
			buildConfigurations = (
				CC7137F21DB2766800C17478 /* Debug */,
				CC7137F31DB2766800C17478 /* Release */,
			);
			defaultConfigurationIsVisible = 0;
			defaultConfigurationName = Release;
		};
		CC7137F41DB2766800C17478 /* Build configuration list for PBXNativeTarget "KVO" */ = {
			isa = XCConfigurationList;
			buildConfigurations = (
				CC7137F51DB2766800C17478 /* Debug */,
				CC7137F61DB2766800C17478 /* Release */,
			);
			defaultConfigurationIsVisible = 0;
		};
/* End XCConfigurationList section */
	};
	rootObject = CC7137DA1DB2766700C17478 /* Project object */;
}
